// !$*UTF8*$!
{
	archiveVersion = 1;
	classes = {
	};
	objectVersion = 51;
	objects = {

/* Begin PBXBuildFile section */
		C82E2C5D24FB086F006CFDED /* DatabaseManager.swift in Sources */ = {isa = PBXBuildFile; fileRef = C82E2C5C24FB086F006CFDED /* DatabaseManager.swift */; };
		C89F85A324FAF69E009CBF27 /* GoogleService-Info.plist in Resources */ = {isa = PBXBuildFile; fileRef = C89F85A224FAF69D009CBF27 /* GoogleService-Info.plist */; };
		C8A49D4424FAB8DA0089445C /* LoginViewController.swift in Sources */ = {isa = PBXBuildFile; fileRef = C8A49D4324FAB8DA0089445C /* LoginViewController.swift */; };
		C8A49D4624FAB8EB0089445C /* RegisterViewController.swift in Sources */ = {isa = PBXBuildFile; fileRef = C8A49D4524FAB8EB0089445C /* RegisterViewController.swift */; };
		C8A49D4824FAB9180089445C /* PhotoViewerViewController.swift in Sources */ = {isa = PBXBuildFile; fileRef = C8A49D4724FAB9180089445C /* PhotoViewerViewController.swift */; };
		C8A49D4A24FAB92E0089445C /* VideoPlayerViewController.swift in Sources */ = {isa = PBXBuildFile; fileRef = C8A49D4924FAB92E0089445C /* VideoPlayerViewController.swift */; };
		C8A49D4C24FAB96F0089445C /* NewConversationViewController.swift in Sources */ = {isa = PBXBuildFile; fileRef = C8A49D4B24FAB96F0089445C /* NewConversationViewController.swift */; };
		C8A49D4E24FAB9840089445C /* ProfileViewController.swift in Sources */ = {isa = PBXBuildFile; fileRef = C8A49D4D24FAB9840089445C /* ProfileViewController.swift */; };
		C8A49D5124FAC3DF0089445C /* Extensions.swift in Sources */ = {isa = PBXBuildFile; fileRef = C8A49D5024FAC3DF0089445C /* Extensions.swift */; };
		C8DA3BCB24F882C40000B009 /* AppDelegate.swift in Sources */ = {isa = PBXBuildFile; fileRef = C8DA3BCA24F882C40000B009 /* AppDelegate.swift */; };
		C8DA3BCD24F882C40000B009 /* SceneDelegate.swift in Sources */ = {isa = PBXBuildFile; fileRef = C8DA3BCC24F882C40000B009 /* SceneDelegate.swift */; };
		C8DA3BCF24F882C40000B009 /* ConversationsViewController.swift in Sources */ = {isa = PBXBuildFile; fileRef = C8DA3BCE24F882C40000B009 /* ConversationsViewController.swift */; };
		C8DA3BD224F882C40000B009 /* Main.storyboard in Resources */ = {isa = PBXBuildFile; fileRef = C8DA3BD024F882C40000B009 /* Main.storyboard */; };
		C8DA3BD424F882C50000B009 /* Assets.xcassets in Resources */ = {isa = PBXBuildFile; fileRef = C8DA3BD324F882C50000B009 /* Assets.xcassets */; };
		C8DA3BD724F882C50000B009 /* LaunchScreen.storyboard in Resources */ = {isa = PBXBuildFile; fileRef = C8DA3BD524F882C50000B009 /* LaunchScreen.storyboard */; };
		FFB55B2359CDE8267C38DC5E /* Pods_LaborX.framework in Frameworks */ = {isa = PBXBuildFile; fileRef = 37794A551E78A3ED560AE591 /* Pods_LaborX.framework */; };
/* End PBXBuildFile section */

/* Begin PBXFileReference section */
		37794A551E78A3ED560AE591 /* Pods_LaborX.framework */ = {isa = PBXFileReference; explicitFileType = wrapper.framework; includeInIndex = 0; path = Pods_LaborX.framework; sourceTree = BUILT_PRODUCTS_DIR; };
		45AFA84BDD4E1FE3AC1BFE0F /* Pods-LaborX.debug.xcconfig */ = {isa = PBXFileReference; includeInIndex = 1; lastKnownFileType = text.xcconfig; name = "Pods-LaborX.debug.xcconfig"; path = "Target Support Files/Pods-LaborX/Pods-LaborX.debug.xcconfig"; sourceTree = "<group>"; };
		B07F6588DA409F33D565AD4F /* Pods-LaborX.release.xcconfig */ = {isa = PBXFileReference; includeInIndex = 1; lastKnownFileType = text.xcconfig; name = "Pods-LaborX.release.xcconfig"; path = "Target Support Files/Pods-LaborX/Pods-LaborX.release.xcconfig"; sourceTree = "<group>"; };
		C82E2C5C24FB086F006CFDED /* DatabaseManager.swift */ = {isa = PBXFileReference; lastKnownFileType = sourcecode.swift; path = DatabaseManager.swift; sourceTree = "<group>"; };
		C89F85A224FAF69D009CBF27 /* GoogleService-Info.plist */ = {isa = PBXFileReference; fileEncoding = 4; lastKnownFileType = text.plist.xml; path = "GoogleService-Info.plist"; sourceTree = "<group>"; };
		C8A49D4324FAB8DA0089445C /* LoginViewController.swift */ = {isa = PBXFileReference; lastKnownFileType = sourcecode.swift; path = LoginViewController.swift; sourceTree = "<group>"; };
		C8A49D4524FAB8EB0089445C /* RegisterViewController.swift */ = {isa = PBXFileReference; lastKnownFileType = sourcecode.swift; path = RegisterViewController.swift; sourceTree = "<group>"; };
		C8A49D4724FAB9180089445C /* PhotoViewerViewController.swift */ = {isa = PBXFileReference; lastKnownFileType = sourcecode.swift; path = PhotoViewerViewController.swift; sourceTree = "<group>"; };
		C8A49D4924FAB92E0089445C /* VideoPlayerViewController.swift */ = {isa = PBXFileReference; lastKnownFileType = sourcecode.swift; path = VideoPlayerViewController.swift; sourceTree = "<group>"; };
		C8A49D4B24FAB96F0089445C /* NewConversationViewController.swift */ = {isa = PBXFileReference; lastKnownFileType = sourcecode.swift; path = NewConversationViewController.swift; sourceTree = "<group>"; };
		C8A49D4D24FAB9840089445C /* ProfileViewController.swift */ = {isa = PBXFileReference; lastKnownFileType = sourcecode.swift; path = ProfileViewController.swift; sourceTree = "<group>"; };
		C8A49D5024FAC3DF0089445C /* Extensions.swift */ = {isa = PBXFileReference; lastKnownFileType = sourcecode.swift; path = Extensions.swift; sourceTree = "<group>"; };
		C8DA3BC724F882C40000B009 /* LaborX.app */ = {isa = PBXFileReference; explicitFileType = wrapper.application; includeInIndex = 0; path = LaborX.app; sourceTree = BUILT_PRODUCTS_DIR; };
		C8DA3BCA24F882C40000B009 /* AppDelegate.swift */ = {isa = PBXFileReference; lastKnownFileType = sourcecode.swift; path = AppDelegate.swift; sourceTree = "<group>"; };
		C8DA3BCC24F882C40000B009 /* SceneDelegate.swift */ = {isa = PBXFileReference; lastKnownFileType = sourcecode.swift; path = SceneDelegate.swift; sourceTree = "<group>"; };
		C8DA3BCE24F882C40000B009 /* ConversationsViewController.swift */ = {isa = PBXFileReference; lastKnownFileType = sourcecode.swift; path = ConversationsViewController.swift; sourceTree = "<group>"; };
		C8DA3BD124F882C40000B009 /* Base */ = {isa = PBXFileReference; lastKnownFileType = file.storyboard; name = Base; path = Base.lproj/Main.storyboard; sourceTree = "<group>"; };
		C8DA3BD324F882C50000B009 /* Assets.xcassets */ = {isa = PBXFileReference; lastKnownFileType = folder.assetcatalog; path = Assets.xcassets; sourceTree = "<group>"; };
		C8DA3BD624F882C50000B009 /* Base */ = {isa = PBXFileReference; lastKnownFileType = file.storyboard; name = Base; path = Base.lproj/LaunchScreen.storyboard; sourceTree = "<group>"; };
		C8DA3BD824F882C50000B009 /* Info.plist */ = {isa = PBXFileReference; lastKnownFileType = text.plist.xml; path = Info.plist; sourceTree = "<group>"; };
/* End PBXFileReference section */

/* Begin PBXFrameworksBuildPhase section */
		C8DA3BC424F882C40000B009 /* Frameworks */ = {
			isa = PBXFrameworksBuildPhase;
			buildActionMask = 2147483647;
			files = (
				FFB55B2359CDE8267C38DC5E /* Pods_LaborX.framework in Frameworks */,
			);
			runOnlyForDeploymentPostprocessing = 0;
		};
/* End PBXFrameworksBuildPhase section */

/* Begin PBXGroup section */
		6188F78DA8F6C22C052BDB28 /* Pods */ = {
			isa = PBXGroup;
			children = (
				45AFA84BDD4E1FE3AC1BFE0F /* Pods-LaborX.debug.xcconfig */,
				B07F6588DA409F33D565AD4F /* Pods-LaborX.release.xcconfig */,
			);
			path = Pods;
			sourceTree = "<group>";
		};
		78BC5D5ACCD796C077B38CF6 /* Frameworks */ = {
			isa = PBXGroup;
			children = (
				37794A551E78A3ED560AE591 /* Pods_LaborX.framework */,
			);
			name = Frameworks;
			sourceTree = "<group>";
		};
		C8A49D3D24FAB7470089445C /* Controllers */ = {
			isa = PBXGroup;
			children = (
				C8DA3BCE24F882C40000B009 /* ConversationsViewController.swift */,
				C8A49D4F24FABAAD0089445C /* Login */,
				C8A49D4724FAB9180089445C /* PhotoViewerViewController.swift */,
				C8A49D4924FAB92E0089445C /* VideoPlayerViewController.swift */,
				C8A49D4B24FAB96F0089445C /* NewConversationViewController.swift */,
				C8A49D4D24FAB9840089445C /* ProfileViewController.swift */,
			);
			path = Controllers;
			sourceTree = "<group>";
		};
		C8A49D3E24FAB7520089445C /* Views */ = {
			isa = PBXGroup;
			children = (
				C8A49D4224FAB7B00089445C /* Storyboards */,
				C8DA3BD324F882C50000B009 /* Assets.xcassets */,
			);
			path = Views;
			sourceTree = "<group>";
		};
		C8A49D3F24FAB75B0089445C /* Models */ = {
			isa = PBXGroup;
			children = (
			);
			path = Models;
			sourceTree = "<group>";
		};
		C8A49D4024FAB7690089445C /* ViewModels */ = {
			isa = PBXGroup;
			children = (
			);
			path = ViewModels;
			sourceTree = "<group>";
		};
		C8A49D4124FAB77B0089445C /* Resources */ = {
			isa = PBXGroup;
			children = (
				C8DA3BCA24F882C40000B009 /* AppDelegate.swift */,
				C8DA3BCC24F882C40000B009 /* SceneDelegate.swift */,
				C8A49D5024FAC3DF0089445C /* Extensions.swift */,
				C82E2C5C24FB086F006CFDED /* DatabaseManager.swift */,
			);
			path = Resources;
			sourceTree = "<group>";
		};
		C8A49D4224FAB7B00089445C /* Storyboards */ = {
			isa = PBXGroup;
			children = (
				C8DA3BD024F882C40000B009 /* Main.storyboard */,
				C8DA3BD524F882C50000B009 /* LaunchScreen.storyboard */,
			);
			path = Storyboards;
			sourceTree = "<group>";
		};
		C8A49D4F24FABAAD0089445C /* Login */ = {
			isa = PBXGroup;
			children = (
				C8A49D4324FAB8DA0089445C /* LoginViewController.swift */,
				C8A49D4524FAB8EB0089445C /* RegisterViewController.swift */,
			);
			path = Login;
			sourceTree = "<group>";
		};
		C8DA3BBE24F882C40000B009 = {
			isa = PBXGroup;
			children = (
				C8DA3BC924F882C40000B009 /* LaborX */,
				C8DA3BC824F882C40000B009 /* Products */,
				6188F78DA8F6C22C052BDB28 /* Pods */,
				78BC5D5ACCD796C077B38CF6 /* Frameworks */,
			);
			sourceTree = "<group>";
		};
		C8DA3BC824F882C40000B009 /* Products */ = {
			isa = PBXGroup;
			children = (
				C8DA3BC724F882C40000B009 /* LaborX.app */,
			);
			name = Products;
			sourceTree = "<group>";
		};
		C8DA3BC924F882C40000B009 /* LaborX */ = {
			isa = PBXGroup;
			children = (
				C89F85A224FAF69D009CBF27 /* GoogleService-Info.plist */,
				C8A49D4124FAB77B0089445C /* Resources */,
				C8A49D4024FAB7690089445C /* ViewModels */,
				C8A49D3F24FAB75B0089445C /* Models */,
				C8A49D3E24FAB7520089445C /* Views */,
				C8A49D3D24FAB7470089445C /* Controllers */,
				C8DA3BD824F882C50000B009 /* Info.plist */,
			);
			path = LaborX;
			sourceTree = "<group>";
		};
/* End PBXGroup section */

/* Begin PBXNativeTarget section */
		C8DA3BC624F882C40000B009 /* LaborX */ = {
			isa = PBXNativeTarget;
			buildConfigurationList = C8DA3BDB24F882C50000B009 /* Build configuration list for PBXNativeTarget "LaborX" */;
			buildPhases = (
				D1379B051E3C20FD32CC6896 /* [CP] Check Pods Manifest.lock */,
				C8DA3BC324F882C40000B009 /* Sources */,
				C8DA3BC424F882C40000B009 /* Frameworks */,
				C8DA3BC524F882C40000B009 /* Resources */,
				F1EAAB4435C785F63B27A299 /* [CP] Embed Pods Frameworks */,
			);
			buildRules = (
			);
			dependencies = (
			);
			name = LaborX;
			productName = LaborX;
			productReference = C8DA3BC724F882C40000B009 /* LaborX.app */;
			productType = "com.apple.product-type.application";
		};
/* End PBXNativeTarget section */

/* Begin PBXProject section */
		C8DA3BBF24F882C40000B009 /* Project object */ = {
			isa = PBXProject;
			attributes = {
				LastSwiftUpdateCheck = 1160;
				LastUpgradeCheck = 1160;
				ORGANIZATIONNAME = "Luis Caram";
				TargetAttributes = {
					C8DA3BC624F882C40000B009 = {
						CreatedOnToolsVersion = 11.6;
					};
				};
			};
			buildConfigurationList = C8DA3BC224F882C40000B009 /* Build configuration list for PBXProject "LaborX" */;
			compatibilityVersion = "Xcode 9.3";
			developmentRegion = en;
			hasScannedForEncodings = 0;
			knownRegions = (
				en,
				Base,
			);
			mainGroup = C8DA3BBE24F882C40000B009;
			productRefGroup = C8DA3BC824F882C40000B009 /* Products */;
			projectDirPath = "";
			projectRoot = "";
			targets = (
				C8DA3BC624F882C40000B009 /* LaborX */,
			);
		};
/* End PBXProject section */

/* Begin PBXResourcesBuildPhase section */
		C8DA3BC524F882C40000B009 /* Resources */ = {
			isa = PBXResourcesBuildPhase;
			buildActionMask = 2147483647;
			files = (
				C8DA3BD724F882C50000B009 /* LaunchScreen.storyboard in Resources */,
				C89F85A324FAF69E009CBF27 /* GoogleService-Info.plist in Resources */,
				C8DA3BD424F882C50000B009 /* Assets.xcassets in Resources */,
				C8DA3BD224F882C40000B009 /* Main.storyboard in Resources */,
			);
			runOnlyForDeploymentPostprocessing = 0;
		};
/* End PBXResourcesBuildPhase section */

/* Begin PBXShellScriptBuildPhase section */
		D1379B051E3C20FD32CC6896 /* [CP] Check Pods Manifest.lock */ = {
			isa = PBXShellScriptBuildPhase;
			buildActionMask = 2147483647;
			files = (
			);
			inputFileListPaths = (
			);
			inputPaths = (
				"${PODS_PODFILE_DIR_PATH}/Podfile.lock",
				"${PODS_ROOT}/Manifest.lock",
			);
			name = "[CP] Check Pods Manifest.lock";
			outputFileListPaths = (
			);
			outputPaths = (
				"$(DERIVED_FILE_DIR)/Pods-LaborX-checkManifestLockResult.txt",
			);
			runOnlyForDeploymentPostprocessing = 0;
			shellPath = /bin/sh;
			shellScript = "diff \"${PODS_PODFILE_DIR_PATH}/Podfile.lock\" \"${PODS_ROOT}/Manifest.lock\" > /dev/null\nif [ $? != 0 ] ; then\n    # print error to STDERR\n    echo \"error: The sandbox is not in sync with the Podfile.lock. Run 'pod install' or update your CocoaPods installation.\" >&2\n    exit 1\nfi\n# This output is used by Xcode 'outputs' to avoid re-running this script phase.\necho \"SUCCESS\" > \"${SCRIPT_OUTPUT_FILE_0}\"\n";
			showEnvVarsInLog = 0;
		};
		F1EAAB4435C785F63B27A299 /* [CP] Embed Pods Frameworks */ = {
			isa = PBXShellScriptBuildPhase;
			buildActionMask = 2147483647;
			files = (
			);
			inputFileListPaths = (
				"${PODS_ROOT}/Target Support Files/Pods-LaborX/Pods-LaborX-frameworks-${CONFIGURATION}-input-files.xcfilelist",
			);
			name = "[CP] Embed Pods Frameworks";
			outputFileListPaths = (
				"${PODS_ROOT}/Target Support Files/Pods-LaborX/Pods-LaborX-frameworks-${CONFIGURATION}-output-files.xcfilelist",
			);
			runOnlyForDeploymentPostprocessing = 0;
			shellPath = /bin/sh;
			shellScript = "\"${PODS_ROOT}/Target Support Files/Pods-LaborX/Pods-LaborX-frameworks.sh\"\n";
			showEnvVarsInLog = 0;
		};
/* End PBXShellScriptBuildPhase section */

/* Begin PBXSourcesBuildPhase section */
		C8DA3BC324F882C40000B009 /* Sources */ = {
			isa = PBXSourcesBuildPhase;
			buildActionMask = 2147483647;
			files = (
				C8A49D4424FAB8DA0089445C /* LoginViewController.swift in Sources */,
				C82E2C5D24FB086F006CFDED /* DatabaseManager.swift in Sources */,
				C8A49D4A24FAB92E0089445C /* VideoPlayerViewController.swift in Sources */,
				C8A49D4C24FAB96F0089445C /* NewConversationViewController.swift in Sources */,
				C8A49D4624FAB8EB0089445C /* RegisterViewController.swift in Sources */,
				C8DA3BCF24F882C40000B009 /* ConversationsViewController.swift in Sources */,
				C8A49D5124FAC3DF0089445C /* Extensions.swift in Sources */,
				C8DA3BCB24F882C40000B009 /* AppDelegate.swift in Sources */,
				C8A49D4E24FAB9840089445C /* ProfileViewController.swift in Sources */,
				C8DA3BCD24F882C40000B009 /* SceneDelegate.swift in Sources */,
				C8A49D4824FAB9180089445C /* PhotoViewerViewController.swift in Sources */,
			);
			runOnlyForDeploymentPostprocessing = 0;
		};
/* End PBXSourcesBuildPhase section */

/* Begin PBXVariantGroup section */
		C8DA3BD024F882C40000B009 /* Main.storyboard */ = {
			isa = PBXVariantGroup;
			children = (
				C8DA3BD124F882C40000B009 /* Base */,
			);
			name = Main.storyboard;
			sourceTree = "<group>";
		};
		C8DA3BD524F882C50000B009 /* LaunchScreen.storyboard */ = {
			isa = PBXVariantGroup;
			children = (
				C8DA3BD624F882C50000B009 /* Base */,
			);
			name = LaunchScreen.storyboard;
			sourceTree = "<group>";
		};
/* End PBXVariantGroup section */

/* Begin XCBuildConfiguration section */
		C8DA3BD924F882C50000B009 /* Debug */ = {
			isa = XCBuildConfiguration;
			buildSettings = {
				ALWAYS_SEARCH_USER_PATHS = NO;
				CLANG_ANALYZER_NONNULL = YES;
				CLANG_ANALYZER_NUMBER_OBJECT_CONVERSION = YES_AGGRESSIVE;
				CLANG_CXX_LANGUAGE_STANDARD = "gnu++14";
				CLANG_CXX_LIBRARY = "libc++";
				CLANG_ENABLE_MODULES = YES;
				CLANG_ENABLE_OBJC_ARC = YES;
				CLANG_ENABLE_OBJC_WEAK = YES;
				CLANG_WARN_BLOCK_CAPTURE_AUTORELEASING = YES;
				CLANG_WARN_BOOL_CONVERSION = YES;
				CLANG_WARN_COMMA = YES;
				CLANG_WARN_CONSTANT_CONVERSION = YES;
				CLANG_WARN_DEPRECATED_OBJC_IMPLEMENTATIONS = YES;
				CLANG_WARN_DIRECT_OBJC_ISA_USAGE = YES_ERROR;
				CLANG_WARN_DOCUMENTATION_COMMENTS = YES;
				CLANG_WARN_EMPTY_BODY = YES;
				CLANG_WARN_ENUM_CONVERSION = YES;
				CLANG_WARN_INFINITE_RECURSION = YES;
				CLANG_WARN_INT_CONVERSION = YES;
				CLANG_WARN_NON_LITERAL_NULL_CONVERSION = YES;
				CLANG_WARN_OBJC_IMPLICIT_RETAIN_SELF = YES;
				CLANG_WARN_OBJC_LITERAL_CONVERSION = YES;
				CLANG_WARN_OBJC_ROOT_CLASS = YES_ERROR;
				CLANG_WARN_RANGE_LOOP_ANALYSIS = YES;
				CLANG_WARN_STRICT_PROTOTYPES = YES;
				CLANG_WARN_SUSPICIOUS_MOVE = YES;
				CLANG_WARN_UNGUARDED_AVAILABILITY = YES_AGGRESSIVE;
				CLANG_WARN_UNREACHABLE_CODE = YES;
				CLANG_WARN__DUPLICATE_METHOD_MATCH = YES;
				COPY_PHASE_STRIP = NO;
				DEBUG_INFORMATION_FORMAT = dwarf;
				ENABLE_STRICT_OBJC_MSGSEND = YES;
				ENABLE_TESTABILITY = YES;
				GCC_C_LANGUAGE_STANDARD = gnu11;
				GCC_DYNAMIC_NO_PIC = NO;
				GCC_NO_COMMON_BLOCKS = YES;
				GCC_OPTIMIZATION_LEVEL = 0;
				GCC_PREPROCESSOR_DEFINITIONS = (
					"DEBUG=1",
					"$(inherited)",
				);
				GCC_WARN_64_TO_32_BIT_CONVERSION = YES;
				GCC_WARN_ABOUT_RETURN_TYPE = YES_ERROR;
				GCC_WARN_UNDECLARED_SELECTOR = YES;
				GCC_WARN_UNINITIALIZED_AUTOS = YES_AGGRESSIVE;
				GCC_WARN_UNUSED_FUNCTION = YES;
				GCC_WARN_UNUSED_VARIABLE = YES;
				IPHONEOS_DEPLOYMENT_TARGET = 13.6;
				MTL_ENABLE_DEBUG_INFO = INCLUDE_SOURCE;
				MTL_FAST_MATH = YES;
				ONLY_ACTIVE_ARCH = YES;
				SDKROOT = iphoneos;
				SWIFT_ACTIVE_COMPILATION_CONDITIONS = DEBUG;
				SWIFT_OPTIMIZATION_LEVEL = "-Onone";
			};
			name = Debug;
		};
		C8DA3BDA24F882C50000B009 /* Release */ = {
			isa = XCBuildConfiguration;
			buildSettings = {
				ALWAYS_SEARCH_USER_PATHS = NO;
				CLANG_ANALYZER_NONNULL = YES;
				CLANG_ANALYZER_NUMBER_OBJECT_CONVERSION = YES_AGGRESSIVE;
				CLANG_CXX_LANGUAGE_STANDARD = "gnu++14";
				CLANG_CXX_LIBRARY = "libc++";
				CLANG_ENABLE_MODULES = YES;
				CLANG_ENABLE_OBJC_ARC = YES;
				CLANG_ENABLE_OBJC_WEAK = YES;
				CLANG_WARN_BLOCK_CAPTURE_AUTORELEASING = YES;
				CLANG_WARN_BOOL_CONVERSION = YES;
				CLANG_WARN_COMMA = YES;
				CLANG_WARN_CONSTANT_CONVERSION = YES;
				CLANG_WARN_DEPRECATED_OBJC_IMPLEMENTATIONS = YES;
				CLANG_WARN_DIRECT_OBJC_ISA_USAGE = YES_ERROR;
				CLANG_WARN_DOCUMENTATION_COMMENTS = YES;
				CLANG_WARN_EMPTY_BODY = YES;
				CLANG_WARN_ENUM_CONVERSION = YES;
				CLANG_WARN_INFINITE_RECURSION = YES;
				CLANG_WARN_INT_CONVERSION = YES;
				CLANG_WARN_NON_LITERAL_NULL_CONVERSION = YES;
				CLANG_WARN_OBJC_IMPLICIT_RETAIN_SELF = YES;
				CLANG_WARN_OBJC_LITERAL_CONVERSION = YES;
				CLANG_WARN_OBJC_ROOT_CLASS = YES_ERROR;
				CLANG_WARN_RANGE_LOOP_ANALYSIS = YES;
				CLANG_WARN_STRICT_PROTOTYPES = YES;
				CLANG_WARN_SUSPICIOUS_MOVE = YES;
				CLANG_WARN_UNGUARDED_AVAILABILITY = YES_AGGRESSIVE;
				CLANG_WARN_UNREACHABLE_CODE = YES;
				CLANG_WARN__DUPLICATE_METHOD_MATCH = YES;
				COPY_PHASE_STRIP = NO;
				DEBUG_INFORMATION_FORMAT = "dwarf-with-dsym";
				ENABLE_NS_ASSERTIONS = NO;
				ENABLE_STRICT_OBJC_MSGSEND = YES;
				GCC_C_LANGUAGE_STANDARD = gnu11;
				GCC_NO_COMMON_BLOCKS = YES;
				GCC_WARN_64_TO_32_BIT_CONVERSION = YES;
				GCC_WARN_ABOUT_RETURN_TYPE = YES_ERROR;
				GCC_WARN_UNDECLARED_SELECTOR = YES;
				GCC_WARN_UNINITIALIZED_AUTOS = YES_AGGRESSIVE;
				GCC_WARN_UNUSED_FUNCTION = YES;
				GCC_WARN_UNUSED_VARIABLE = YES;
				IPHONEOS_DEPLOYMENT_TARGET = 13.6;
				MTL_ENABLE_DEBUG_INFO = NO;
				MTL_FAST_MATH = YES;
				SDKROOT = iphoneos;
				SWIFT_COMPILATION_MODE = wholemodule;
				SWIFT_OPTIMIZATION_LEVEL = "-O";
				VALIDATE_PRODUCT = YES;
			};
			name = Release;
		};
		C8DA3BDC24F882C50000B009 /* Debug */ = {
			isa = XCBuildConfiguration;
			baseConfigurationReference = 45AFA84BDD4E1FE3AC1BFE0F /* Pods-LaborX.debug.xcconfig */;
			buildSettings = {
				ASSETCATALOG_COMPILER_APPICON_NAME = AppIcon;
				CODE_SIGN_STYLE = Automatic;
				DEVELOPMENT_TEAM = R7J4R6V7AT;
				INFOPLIST_FILE = LaborX/Info.plist;
				IPHONEOS_DEPLOYMENT_TARGET = 13.6;
				LD_RUNPATH_SEARCH_PATHS = (
					"$(inherited)",
					"@executable_path/Frameworks",
				);
				PRODUCT_BUNDLE_IDENTIFIER = com.legacytechnologygroup.LaborX;
				PRODUCT_NAME = "$(TARGET_NAME)";
				SWIFT_VERSION = 5.0;
				TARGETED_DEVICE_FAMILY = "1,2";
			};
			name = Debug;
		};
		C8DA3BDD24F882C50000B009 /* Release */ = {
			isa = XCBuildConfiguration;
			baseConfigurationReference = B07F6588DA409F33D565AD4F /* Pods-LaborX.release.xcconfig */;
			buildSettings = {
				ASSETCATALOG_COMPILER_APPICON_NAME = AppIcon;
				CODE_SIGN_STYLE = Automatic;
				DEVELOPMENT_TEAM = R7J4R6V7AT;
				INFOPLIST_FILE = LaborX/Info.plist;
				IPHONEOS_DEPLOYMENT_TARGET = 13.6;
				LD_RUNPATH_SEARCH_PATHS = (
					"$(inherited)",
					"@executable_path/Frameworks",
				);
				PRODUCT_BUNDLE_IDENTIFIER = com.legacytechnologygroup.LaborX;
				PRODUCT_NAME = "$(TARGET_NAME)";
				SWIFT_VERSION = 5.0;
				TARGETED_DEVICE_FAMILY = "1,2";
			};
			name = Release;
		};
/* End XCBuildConfiguration section */

/* Begin XCConfigurationList section */
		C8DA3BC224F882C40000B009 /* Build configuration list for PBXProject "LaborX" */ = {
			isa = XCConfigurationList;
			buildConfigurations = (
				C8DA3BD924F882C50000B009 /* Debug */,
				C8DA3BDA24F882C50000B009 /* Release */,
			);
			defaultConfigurationIsVisible = 0;
			defaultConfigurationName = Release;
		};
		C8DA3BDB24F882C50000B009 /* Build configuration list for PBXNativeTarget "LaborX" */ = {
			isa = XCConfigurationList;
			buildConfigurations = (
				C8DA3BDC24F882C50000B009 /* Debug */,
				C8DA3BDD24F882C50000B009 /* Release */,
			);
			defaultConfigurationIsVisible = 0;
			defaultConfigurationName = Release;
		};
/* End XCConfigurationList section */
	};
	rootObject = C8DA3BBF24F882C40000B009 /* Project object */;
}
